// !$*UTF8*$!
{
	archiveVersion = 1;
	classes = {
	};
	objectVersion = 56;
	objects = {

/* Begin PBXBuildFile section */
		A26B6EC92939CEA3006ADC28 /* AppDelegate.swift in Sources */ = {isa = PBXBuildFile; fileRef = A26B6EC82939CEA3006ADC28 /* AppDelegate.swift */; };
		A26B6ECB2939CEA3006ADC28 /* SceneDelegate.swift in Sources */ = {isa = PBXBuildFile; fileRef = A26B6ECA2939CEA3006ADC28 /* SceneDelegate.swift */; };
		A26B6ECD2939CEA3006ADC28 /* ViewController.swift in Sources */ = {isa = PBXBuildFile; fileRef = A26B6ECC2939CEA3006ADC28 /* ViewController.swift */; };
		A26B6ED02939CEA3006ADC28 /* Main.storyboard in Resources */ = {isa = PBXBuildFile; fileRef = A26B6ECE2939CEA3006ADC28 /* Main.storyboard */; };
		A26B6ED22939CEA5006ADC28 /* Assets.xcassets in Resources */ = {isa = PBXBuildFile; fileRef = A26B6ED12939CEA5006ADC28 /* Assets.xcassets */; };
		A26B6ED52939CEA5006ADC28 /* LaunchScreen.storyboard in Resources */ = {isa = PBXBuildFile; fileRef = A26B6ED32939CEA5006ADC28 /* LaunchScreen.storyboard */; };
		A26B6EE02939CEA5006ADC28 /* testUIKitTests.swift in Sources */ = {isa = PBXBuildFile; fileRef = A26B6EDF2939CEA5006ADC28 /* testUIKitTests.swift */; };
		A26B6EEA2939CEA5006ADC28 /* testUIKitUITests.swift in Sources */ = {isa = PBXBuildFile; fileRef = A26B6EE92939CEA5006ADC28 /* testUIKitUITests.swift */; };
		A26B6EEC2939CEA5006ADC28 /* testUIKitUITestsLaunchTests.swift in Sources */ = {isa = PBXBuildFile; fileRef = A26B6EEB2939CEA5006ADC28 /* testUIKitUITestsLaunchTests.swift */; };
/* End PBXBuildFile section */

/* Begin PBXContainerItemProxy section */
		A26B6EDC2939CEA5006ADC28 /* PBXContainerItemProxy */ = {
			isa = PBXContainerItemProxy;
			containerPortal = A26B6EBD2939CEA3006ADC28 /* Project object */;
			proxyType = 1;
			remoteGlobalIDString = A26B6EC42939CEA3006ADC28;
			remoteInfo = testUIKit;
		};
		A26B6EE62939CEA5006ADC28 /* PBXContainerItemProxy */ = {
			isa = PBXContainerItemProxy;
			containerPortal = A26B6EBD2939CEA3006ADC28 /* Project object */;
			proxyType = 1;
			remoteGlobalIDString = A26B6EC42939CEA3006ADC28;
			remoteInfo = testUIKit;
		};
/* End PBXContainerItemProxy section */

/* Begin PBXFileReference section */
		A26B6EC52939CEA3006ADC28 /* testUIKit.app */ = {isa = PBXFileReference; explicitFileType = wrapper.application; includeInIndex = 0; path = testUIKit.app; sourceTree = BUILT_PRODUCTS_DIR; };
		A26B6EC82939CEA3006ADC28 /* AppDelegate.swift */ = {isa = PBXFileReference; lastKnownFileType = sourcecode.swift; path = AppDelegate.swift; sourceTree = "<group>"; };
		A26B6ECA2939CEA3006ADC28 /* SceneDelegate.swift */ = {isa = PBXFileReference; lastKnownFileType = sourcecode.swift; path = SceneDelegate.swift; sourceTree = "<group>"; };
		A26B6ECC2939CEA3006ADC28 /* ViewController.swift */ = {isa = PBXFileReference; lastKnownFileType = sourcecode.swift; path = ViewController.swift; sourceTree = "<group>"; };
		A26B6ECF2939CEA3006ADC28 /* Base */ = {isa = PBXFileReference; lastKnownFileType = file.storyboard; name = Base; path = Base.lproj/Main.storyboard; sourceTree = "<group>"; };
		A26B6ED12939CEA5006ADC28 /* Assets.xcassets */ = {isa = PBXFileReference; lastKnownFileType = folder.assetcatalog; path = Assets.xcassets; sourceTree = "<group>"; };
		A26B6ED42939CEA5006ADC28 /* Base */ = {isa = PBXFileReference; lastKnownFileType = file.storyboard; name = Base; path = Base.lproj/LaunchScreen.storyboard; sourceTree = "<group>"; };
		A26B6ED62939CEA5006ADC28 /* Info.plist */ = {isa = PBXFileReference; lastKnownFileType = text.plist.xml; path = Info.plist; sourceTree = "<group>"; };
		A26B6EDB2939CEA5006ADC28 /* testUIKitTests.xctest */ = {isa = PBXFileReference; explicitFileType = wrapper.cfbundle; includeInIndex = 0; path = testUIKitTests.xctest; sourceTree = BUILT_PRODUCTS_DIR; };
		A26B6EDF2939CEA5006ADC28 /* testUIKitTests.swift */ = {isa = PBXFileReference; lastKnownFileType = sourcecode.swift; path = testUIKitTests.swift; sourceTree = "<group>"; };
		A26B6EE52939CEA5006ADC28 /* testUIKitUITests.xctest */ = {isa = PBXFileReference; explicitFileType = wrapper.cfbundle; includeInIndex = 0; path = testUIKitUITests.xctest; sourceTree = BUILT_PRODUCTS_DIR; };
		A26B6EE92939CEA5006ADC28 /* testUIKitUITests.swift */ = {isa = PBXFileReference; lastKnownFileType = sourcecode.swift; path = testUIKitUITests.swift; sourceTree = "<group>"; };
		A26B6EEB2939CEA5006ADC28 /* testUIKitUITestsLaunchTests.swift */ = {isa = PBXFileReference; lastKnownFileType = sourcecode.swift; path = testUIKitUITestsLaunchTests.swift; sourceTree = "<group>"; };
/* End PBXFileReference section */

/* Begin PBXFrameworksBuildPhase section */
		A26B6EC22939CEA3006ADC28 /* Frameworks */ = {
			isa = PBXFrameworksBuildPhase;
			buildActionMask = 2147483647;
			files = (
			);
			runOnlyForDeploymentPostprocessing = 0;
		};
		A26B6ED82939CEA5006ADC28 /* Frameworks */ = {
			isa = PBXFrameworksBuildPhase;
			buildActionMask = 2147483647;
			files = (
			);
			runOnlyForDeploymentPostprocessing = 0;
		};
		A26B6EE22939CEA5006ADC28 /* Frameworks */ = {
			isa = PBXFrameworksBuildPhase;
			buildActionMask = 2147483647;
			files = (
			);
			runOnlyForDeploymentPostprocessing = 0;
		};
/* End PBXFrameworksBuildPhase section */

/* Begin PBXGroup section */
		A26B6EBC2939CEA3006ADC28 = {
			isa = PBXGroup;
			children = (
				A26B6EC72939CEA3006ADC28 /* testUIKit */,
				A26B6EDE2939CEA5006ADC28 /* testUIKitTests */,
				A26B6EE82939CEA5006ADC28 /* testUIKitUITests */,
				A26B6EC62939CEA3006ADC28 /* Products */,
			);
			sourceTree = "<group>";
		};
		A26B6EC62939CEA3006ADC28 /* Products */ = {
			isa = PBXGroup;
			children = (
				A26B6EC52939CEA3006ADC28 /* testUIKit.app */,
				A26B6EDB2939CEA5006ADC28 /* testUIKitTests.xctest */,
				A26B6EE52939CEA5006ADC28 /* testUIKitUITests.xctest */,
			);
			name = Products;
			sourceTree = "<group>";
		};
		A26B6EC72939CEA3006ADC28 /* testUIKit */ = {
			isa = PBXGroup;
			children = (
				A26B6EC82939CEA3006ADC28 /* AppDelegate.swift */,
				A26B6ECA2939CEA3006ADC28 /* SceneDelegate.swift */,
				A26B6ECC2939CEA3006ADC28 /* ViewController.swift */,
				A26B6ECE2939CEA3006ADC28 /* Main.storyboard */,
				A26B6ED12939CEA5006ADC28 /* Assets.xcassets */,
				A26B6ED32939CEA5006ADC28 /* LaunchScreen.storyboard */,
				A26B6ED62939CEA5006ADC28 /* Info.plist */,
			);
			path = testUIKit;
			sourceTree = "<group>";
		};
		A26B6EDE2939CEA5006ADC28 /* testUIKitTests */ = {
			isa = PBXGroup;
			children = (
				A26B6EDF2939CEA5006ADC28 /* testUIKitTests.swift */,
			);
			path = testUIKitTests;
			sourceTree = "<group>";
		};
		A26B6EE82939CEA5006ADC28 /* testUIKitUITests */ = {
			isa = PBXGroup;
			children = (
				A26B6EE92939CEA5006ADC28 /* testUIKitUITests.swift */,
				A26B6EEB2939CEA5006ADC28 /* testUIKitUITestsLaunchTests.swift */,
			);
			path = testUIKitUITests;
			sourceTree = "<group>";
		};
/* End PBXGroup section */

/* Begin PBXNativeTarget section */
		A26B6EC42939CEA3006ADC28 /* testUIKit */ = {
			isa = PBXNativeTarget;
			buildConfigurationList = A26B6EEF2939CEA5006ADC28 /* Build configuration list for PBXNativeTarget "testUIKit" */;
			buildPhases = (
				A26B6EC12939CEA3006ADC28 /* Sources */,
				A26B6EC22939CEA3006ADC28 /* Frameworks */,
				A26B6EC32939CEA3006ADC28 /* Resources */,
			);
			buildRules = (
			);
			dependencies = (
			);
			name = testUIKit;
			productName = testUIKit;
			productReference = A26B6EC52939CEA3006ADC28 /* testUIKit.app */;
			productType = "com.apple.product-type.application";
		};
		A26B6EDA2939CEA5006ADC28 /* testUIKitTests */ = {
			isa = PBXNativeTarget;
			buildConfigurationList = A26B6EF22939CEA5006ADC28 /* Build configuration list for PBXNativeTarget "testUIKitTests" */;
			buildPhases = (
				A26B6ED72939CEA5006ADC28 /* Sources */,
				A26B6ED82939CEA5006ADC28 /* Frameworks */,
				A26B6ED92939CEA5006ADC28 /* Resources */,
			);
			buildRules = (
			);
			dependencies = (
				A26B6EDD2939CEA5006ADC28 /* PBXTargetDependency */,
			);
			name = testUIKitTests;
			productName = testUIKitTests;
			productReference = A26B6EDB2939CEA5006ADC28 /* testUIKitTests.xctest */;
			productType = "com.apple.product-type.bundle.unit-test";
		};
		A26B6EE42939CEA5006ADC28 /* testUIKitUITests */ = {
			isa = PBXNativeTarget;
			buildConfigurationList = A26B6EF52939CEA5006ADC28 /* Build configuration list for PBXNativeTarget "testUIKitUITests" */;
			buildPhases = (
				A26B6EE12939CEA5006ADC28 /* Sources */,
				A26B6EE22939CEA5006ADC28 /* Frameworks */,
				A26B6EE32939CEA5006ADC28 /* Resources */,
			);
			buildRules = (
			);
			dependencies = (
				A26B6EE72939CEA5006ADC28 /* PBXTargetDependency */,
			);
			name = testUIKitUITests;
			productName = testUIKitUITests;
			productReference = A26B6EE52939CEA5006ADC28 /* testUIKitUITests.xctest */;
			productType = "com.apple.product-type.bundle.ui-testing";
		};
/* End PBXNativeTarget section */

/* Begin PBXProject section */
		A26B6EBD2939CEA3006ADC28 /* Project object */ = {
			isa = PBXProject;
			attributes = {
				BuildIndependentTargetsInParallel = 1;
				LastSwiftUpdateCheck = 1400;
				LastUpgradeCheck = 1400;
				TargetAttributes = {
					A26B6EC42939CEA3006ADC28 = {
						CreatedOnToolsVersion = 14.0.1;
					};
					A26B6EDA2939CEA5006ADC28 = {
						CreatedOnToolsVersion = 14.0.1;
						TestTargetID = A26B6EC42939CEA3006ADC28;
					};
					A26B6EE42939CEA5006ADC28 = {
						CreatedOnToolsVersion = 14.0.1;
						TestTargetID = A26B6EC42939CEA3006ADC28;
					};
				};
			};
			buildConfigurationList = A26B6EC02939CEA3006ADC28 /* Build configuration list for PBXProject "testUIKit" */;
			compatibilityVersion = "Xcode 14.0";
			developmentRegion = en;
			hasScannedForEncodings = 0;
			knownRegions = (
				en,
				Base,
			);
			mainGroup = A26B6EBC2939CEA3006ADC28;
			productRefGroup = A26B6EC62939CEA3006ADC28 /* Products */;
			projectDirPath = "";
			projectRoot = "";
			targets = (
				A26B6EC42939CEA3006ADC28 /* testUIKit */,
				A26B6EDA2939CEA5006ADC28 /* testUIKitTests */,
				A26B6EE42939CEA5006ADC28 /* testUIKitUITests */,
			);
		};
/* End PBXProject section */

/* Begin PBXResourcesBuildPhase section */
		A26B6EC32939CEA3006ADC28 /* Resources */ = {
			isa = PBXResourcesBuildPhase;
			buildActionMask = 2147483647;
			files = (
				A26B6ED52939CEA5006ADC28 /* LaunchScreen.storyboard in Resources */,
				A26B6ED22939CEA5006ADC28 /* Assets.xcassets in Resources */,
				A26B6ED02939CEA3006ADC28 /* Main.storyboard in Resources */,
			);
			runOnlyForDeploymentPostprocessing = 0;
		};
		A26B6ED92939CEA5006ADC28 /* Resources */ = {
			isa = PBXResourcesBuildPhase;
			buildActionMask = 2147483647;
			files = (
			);
			runOnlyForDeploymentPostprocessing = 0;
		};
		A26B6EE32939CEA5006ADC28 /* Resources */ = {
			isa = PBXResourcesBuildPhase;
			buildActionMask = 2147483647;
			files = (
			);
			runOnlyForDeploymentPostprocessing = 0;
		};
/* End PBXResourcesBuildPhase section */

/* Begin PBXSourcesBuildPhase section */
		A26B6EC12939CEA3006ADC28 /* Sources */ = {
			isa = PBXSourcesBuildPhase;
			buildActionMask = 2147483647;
			files = (
				A26B6ECD2939CEA3006ADC28 /* ViewController.swift in Sources */,
				A26B6EC92939CEA3006ADC28 /* AppDelegate.swift in Sources */,
				A26B6ECB2939CEA3006ADC28 /* SceneDelegate.swift in Sources */,
			);
			runOnlyForDeploymentPostprocessing = 0;
		};
		A26B6ED72939CEA5006ADC28 /* Sources */ = {
			isa = PBXSourcesBuildPhase;
			buildActionMask = 2147483647;
			files = (
				A26B6EE02939CEA5006ADC28 /* testUIKitTests.swift in Sources */,
			);
			runOnlyForDeploymentPostprocessing = 0;
		};
		A26B6EE12939CEA5006ADC28 /* Sources */ = {
			isa = PBXSourcesBuildPhase;
			buildActionMask = 2147483647;
			files = (
				A26B6EEA2939CEA5006ADC28 /* testUIKitUITests.swift in Sources */,
				A26B6EEC2939CEA5006ADC28 /* testUIKitUITestsLaunchTests.swift in Sources */,
			);
			runOnlyForDeploymentPostprocessing = 0;
		};
/* End PBXSourcesBuildPhase section */

/* Begin PBXTargetDependency section */
		A26B6EDD2939CEA5006ADC28 /* PBXTargetDependency */ = {
			isa = PBXTargetDependency;
			target = A26B6EC42939CEA3006ADC28 /* testUIKit */;
			targetProxy = A26B6EDC2939CEA5006ADC28 /* PBXContainerItemProxy */;
		};
		A26B6EE72939CEA5006ADC28 /* PBXTargetDependency */ = {
			isa = PBXTargetDependency;
			target = A26B6EC42939CEA3006ADC28 /* testUIKit */;
			targetProxy = A26B6EE62939CEA5006ADC28 /* PBXContainerItemProxy */;
		};
/* End PBXTargetDependency section */

/* Begin PBXVariantGroup section */
		A26B6ECE2939CEA3006ADC28 /* Main.storyboard */ = {
			isa = PBXVariantGroup;
			children = (
				A26B6ECF2939CEA3006ADC28 /* Base */,
			);
			name = Main.storyboard;
			sourceTree = "<group>";
		};
		A26B6ED32939CEA5006ADC28 /* LaunchScreen.storyboard */ = {
			isa = PBXVariantGroup;
			children = (
				A26B6ED42939CEA5006ADC28 /* Base */,
			);
			name = LaunchScreen.storyboard;
			sourceTree = "<group>";
		};
/* End PBXVariantGroup section */

/* Begin XCBuildConfiguration section */
		A26B6EED2939CEA5006ADC28 /* Debug */ = {
			isa = XCBuildConfiguration;
			buildSettings = {
				ALWAYS_SEARCH_USER_PATHS = NO;
				CLANG_ANALYZER_NONNULL = YES;
				CLANG_ANALYZER_NUMBER_OBJECT_CONVERSION = YES_AGGRESSIVE;
				CLANG_CXX_LANGUAGE_STANDARD = "gnu++20";
				CLANG_ENABLE_MODULES = YES;
				CLANG_ENABLE_OBJC_ARC = YES;
				CLANG_ENABLE_OBJC_WEAK = YES;
				CLANG_WARN_BLOCK_CAPTURE_AUTORELEASING = YES;
				CLANG_WARN_BOOL_CONVERSION = YES;
				CLANG_WARN_COMMA = YES;
				CLANG_WARN_CONSTANT_CONVERSION = YES;
				CLANG_WARN_DEPRECATED_OBJC_IMPLEMENTATIONS = YES;
				CLANG_WARN_DIRECT_OBJC_ISA_USAGE = YES_ERROR;
				CLANG_WARN_DOCUMENTATION_COMMENTS = YES;
				CLANG_WARN_EMPTY_BODY = YES;
				CLANG_WARN_ENUM_CONVERSION = YES;
				CLANG_WARN_INFINITE_RECURSION = YES;
				CLANG_WARN_INT_CONVERSION = YES;
				CLANG_WARN_NON_LITERAL_NULL_CONVERSION = YES;
				CLANG_WARN_OBJC_IMPLICIT_RETAIN_SELF = YES;
				CLANG_WARN_OBJC_LITERAL_CONVERSION = YES;
				CLANG_WARN_OBJC_ROOT_CLASS = YES_ERROR;
				CLANG_WARN_QUOTED_INCLUDE_IN_FRAMEWORK_HEADER = YES;
				CLANG_WARN_RANGE_LOOP_ANALYSIS = YES;
				CLANG_WARN_STRICT_PROTOTYPES = YES;
				CLANG_WARN_SUSPICIOUS_MOVE = YES;
				CLANG_WARN_UNGUARDED_AVAILABILITY = YES_AGGRESSIVE;
				CLANG_WARN_UNREACHABLE_CODE = YES;
				CLANG_WARN__DUPLICATE_METHOD_MATCH = YES;
				COPY_PHASE_STRIP = NO;
				DEBUG_INFORMATION_FORMAT = dwarf;
				ENABLE_STRICT_OBJC_MSGSEND = YES;
				ENABLE_TESTABILITY = YES;
				GCC_C_LANGUAGE_STANDARD = gnu11;
				GCC_DYNAMIC_NO_PIC = NO;
				GCC_NO_COMMON_BLOCKS = YES;
				GCC_OPTIMIZATION_LEVEL = 0;
				GCC_PREPROCESSOR_DEFINITIONS = (
					"DEBUG=1",
					"$(inherited)",
				);
				GCC_WARN_64_TO_32_BIT_CONVERSION = YES;
				GCC_WARN_ABOUT_RETURN_TYPE = YES_ERROR;
				GCC_WARN_UNDECLARED_SELECTOR = YES;
				GCC_WARN_UNINITIALIZED_AUTOS = YES_AGGRESSIVE;
				GCC_WARN_UNUSED_FUNCTION = YES;
				GCC_WARN_UNUSED_VARIABLE = YES;
				IPHONEOS_DEPLOYMENT_TARGET = 16.0;
				MTL_ENABLE_DEBUG_INFO = INCLUDE_SOURCE;
				MTL_FAST_MATH = YES;
				ONLY_ACTIVE_ARCH = YES;
				SDKROOT = iphoneos;
				SWIFT_ACTIVE_COMPILATION_CONDITIONS = DEBUG;
				SWIFT_OPTIMIZATION_LEVEL = "-Onone";
			};
			name = Debug;
		};
		A26B6EEE2939CEA5006ADC28 /* Release */ = {
			isa = XCBuildConfiguration;
			buildSettings = {
				ALWAYS_SEARCH_USER_PATHS = NO;
				CLANG_ANALYZER_NONNULL = YES;
				CLANG_ANALYZER_NUMBER_OBJECT_CONVERSION = YES_AGGRESSIVE;
				CLANG_CXX_LANGUAGE_STANDARD = "gnu++20";
				CLANG_ENABLE_MODULES = YES;
				CLANG_ENABLE_OBJC_ARC = YES;
				CLANG_ENABLE_OBJC_WEAK = YES;
				CLANG_WARN_BLOCK_CAPTURE_AUTORELEASING = YES;
				CLANG_WARN_BOOL_CONVERSION = YES;
				CLANG_WARN_COMMA = YES;
				CLANG_WARN_CONSTANT_CONVERSION = YES;
				CLANG_WARN_DEPRECATED_OBJC_IMPLEMENTATIONS = YES;
				CLANG_WARN_DIRECT_OBJC_ISA_USAGE = YES_ERROR;
				CLANG_WARN_DOCUMENTATION_COMMENTS = YES;
				CLANG_WARN_EMPTY_BODY = YES;
				CLANG_WARN_ENUM_CONVERSION = YES;
				CLANG_WARN_INFINITE_RECURSION = YES;
				CLANG_WARN_INT_CONVERSION = YES;
				CLANG_WARN_NON_LITERAL_NULL_CONVERSION = YES;
				CLANG_WARN_OBJC_IMPLICIT_RETAIN_SELF = YES;
				CLANG_WARN_OBJC_LITERAL_CONVERSION = YES;
				CLANG_WARN_OBJC_ROOT_CLASS = YES_ERROR;
				CLANG_WARN_QUOTED_INCLUDE_IN_FRAMEWORK_HEADER = YES;
				CLANG_WARN_RANGE_LOOP_ANALYSIS = YES;
				CLANG_WARN_STRICT_PROTOTYPES = YES;
				CLANG_WARN_SUSPICIOUS_MOVE = YES;
				CLANG_WARN_UNGUARDED_AVAILABILITY = YES_AGGRESSIVE;
				CLANG_WARN_UNREACHABLE_CODE = YES;
				CLANG_WARN__DUPLICATE_METHOD_MATCH = YES;
				COPY_PHASE_STRIP = NO;
				DEBUG_INFORMATION_FORMAT = "dwarf-with-dsym";
				ENABLE_NS_ASSERTIONS = NO;
				ENABLE_STRICT_OBJC_MSGSEND = YES;
				GCC_C_LANGUAGE_STANDARD = gnu11;
				GCC_NO_COMMON_BLOCKS = YES;
				GCC_WARN_64_TO_32_BIT_CONVERSION = YES;
				GCC_WARN_ABOUT_RETURN_TYPE = YES_ERROR;
				GCC_WARN_UNDECLARED_SELECTOR = YES;
				GCC_WARN_UNINITIALIZED_AUTOS = YES_AGGRESSIVE;
				GCC_WARN_UNUSED_FUNCTION = YES;
				GCC_WARN_UNUSED_VARIABLE = YES;
				IPHONEOS_DEPLOYMENT_TARGET = 16.0;
				MTL_ENABLE_DEBUG_INFO = NO;
				MTL_FAST_MATH = YES;
				SDKROOT = iphoneos;
				SWIFT_COMPILATION_MODE = wholemodule;
				SWIFT_OPTIMIZATION_LEVEL = "-O";
				VALIDATE_PRODUCT = YES;
			};
			name = Release;
		};
		A26B6EF02939CEA5006ADC28 /* Debug */ = {
			isa = XCBuildConfiguration;
			buildSettings = {
				ASSETCATALOG_COMPILER_APPICON_NAME = AppIcon;
				ASSETCATALOG_COMPILER_GLOBAL_ACCENT_COLOR_NAME = AccentColor;
				CODE_SIGN_STYLE = Automatic;
				CURRENT_PROJECT_VERSION = 1;
				DEVELOPMENT_TEAM = 8V7BB2CZZ7;
				GENERATE_INFOPLIST_FILE = YES;
				INFOPLIST_FILE = testUIKit/Info.plist;
				INFOPLIST_KEY_UIApplicationSupportsIndirectInputEvents = YES;
				INFOPLIST_KEY_UILaunchStoryboardName = LaunchScreen;
				INFOPLIST_KEY_UIMainStoryboardFile = Main;
				INFOPLIST_KEY_UISupportedInterfaceOrientations_iPad = "UIInterfaceOrientationPortrait UIInterfaceOrientationPortraitUpsideDown UIInterfaceOrientationLandscapeLeft UIInterfaceOrientationLandscapeRight";
				INFOPLIST_KEY_UISupportedInterfaceOrientations_iPhone = "UIInterfaceOrientationPortrait UIInterfaceOrientationLandscapeLeft UIInterfaceOrientationLandscapeRight";
				LD_RUNPATH_SEARCH_PATHS = (
					"$(inherited)",
					"@executable_path/Frameworks",
				);
				MARKETING_VERSION = 1.0;
				PRODUCT_BUNDLE_IDENTIFIER = cuBoulder.testUIKit;
				PRODUCT_NAME = "$(TARGET_NAME)";
				SWIFT_EMIT_LOC_STRINGS = YES;
				SWIFT_VERSION = 5.0;
				TARGETED_DEVICE_FAMILY = "1,2";
			};
			name = Debug;
		};
		A26B6EF12939CEA5006ADC28 /* Release */ = {
			isa = XCBuildConfiguration;
			buildSettings = {
				ASSETCATALOG_COMPILER_APPICON_NAME = AppIcon;
				ASSETCATALOG_COMPILER_GLOBAL_ACCENT_COLOR_NAME = AccentColor;
				CODE_SIGN_STYLE = Automatic;
				CURRENT_PROJECT_VERSION = 1;
				DEVELOPMENT_TEAM = 8V7BB2CZZ7;
				GENERATE_INFOPLIST_FILE = YES;
				INFOPLIST_FILE = testUIKit/Info.plist;
				INFOPLIST_KEY_UIApplicationSupportsIndirectInputEvents = YES;
				INFOPLIST_KEY_UILaunchStoryboardName = LaunchScreen;
				INFOPLIST_KEY_UIMainStoryboardFile = Main;
				INFOPLIST_KEY_UISupportedInterfaceOrientations_iPad = "UIInterfaceOrientationPortrait UIInterfaceOrientationPortraitUpsideDown UIInterfaceOrientationLandscapeLeft UIInterfaceOrientationLandscapeRight";
				INFOPLIST_KEY_UISupportedInterfaceOrientations_iPhone = "UIInterfaceOrientationPortrait UIInterfaceOrientationLandscapeLeft UIInterfaceOrientationLandscapeRight";
				LD_RUNPATH_SEARCH_PATHS = (
					"$(inherited)",
					"@executable_path/Frameworks",
				);
				MARKETING_VERSION = 1.0;
				PRODUCT_BUNDLE_IDENTIFIER = cuBoulder.testUIKit;
				PRODUCT_NAME = "$(TARGET_NAME)";
				SWIFT_EMIT_LOC_STRINGS = YES;
				SWIFT_VERSION = 5.0;
				TARGETED_DEVICE_FAMILY = "1,2";
			};
			name = Release;
		};
		A26B6EF32939CEA5006ADC28 /* Debug */ = {
			isa = XCBuildConfiguration;
			buildSettings = {
				ALWAYS_EMBED_SWIFT_STANDARD_LIBRARIES = YES;
				BUNDLE_LOADER = "$(TEST_HOST)";
				CODE_SIGN_STYLE = Automatic;
				CURRENT_PROJECT_VERSION = 1;
				DEVELOPMENT_TEAM = 8V7BB2CZZ7;
				GENERATE_INFOPLIST_FILE = YES;
				IPHONEOS_DEPLOYMENT_TARGET = 16.0;
				MARKETING_VERSION = 1.0;
				PRODUCT_BUNDLE_IDENTIFIER = cuBoulder.testUIKitTests;
				PRODUCT_NAME = "$(TARGET_NAME)";
				SWIFT_EMIT_LOC_STRINGS = NO;
				SWIFT_VERSION = 5.0;
				TARGETED_DEVICE_FAMILY = "1,2";
				TEST_HOST = "$(BUILT_PRODUCTS_DIR)/testUIKit.app/$(BUNDLE_EXECUTABLE_FOLDER_PATH)/testUIKit";
			};
			name = Debug;
		};
		A26B6EF42939CEA5006ADC28 /* Release */ = {
			isa = XCBuildConfiguration;
			buildSettings = {
				ALWAYS_EMBED_SWIFT_STANDARD_LIBRARIES = YES;
				BUNDLE_LOADER = "$(TEST_HOST)";
				CODE_SIGN_STYLE = Automatic;
				CURRENT_PROJECT_VERSION = 1;
				DEVELOPMENT_TEAM = 8V7BB2CZZ7;
				GENERATE_INFOPLIST_FILE = YES;
				IPHONEOS_DEPLOYMENT_TARGET = 16.0;
				MARKETING_VERSION = 1.0;
				PRODUCT_BUNDLE_IDENTIFIER = cuBoulder.testUIKitTests;
				PRODUCT_NAME = "$(TARGET_NAME)";
				SWIFT_EMIT_LOC_STRINGS = NO;
				SWIFT_VERSION = 5.0;
				TARGETED_DEVICE_FAMILY = "1,2";
				TEST_HOST = "$(BUILT_PRODUCTS_DIR)/testUIKit.app/$(BUNDLE_EXECUTABLE_FOLDER_PATH)/testUIKit";
			};
			name = Release;
		};
		A26B6EF62939CEA5006ADC28 /* Debug */ = {
			isa = XCBuildConfiguration;
			buildSettings = {
				ALWAYS_EMBED_SWIFT_STANDARD_LIBRARIES = YES;
				CODE_SIGN_STYLE = Automatic;
				CURRENT_PROJECT_VERSION = 1;
				DEVELOPMENT_TEAM = 8V7BB2CZZ7;
				GENERATE_INFOPLIST_FILE = YES;
				MARKETING_VERSION = 1.0;
				PRODUCT_BUNDLE_IDENTIFIER = cuBoulder.testUIKitUITests;
				PRODUCT_NAME = "$(TARGET_NAME)";
				SWIFT_EMIT_LOC_STRINGS = NO;
				SWIFT_VERSION = 5.0;
				TARGETED_DEVICE_FAMILY = "1,2";
				TEST_TARGET_NAME = testUIKit;
			};
			name = Debug;
		};
		A26B6EF72939CEA5006ADC28 /* Release */ = {
			isa = XCBuildConfiguration;
			buildSettings = {
				ALWAYS_EMBED_SWIFT_STANDARD_LIBRARIES = YES;
				CODE_SIGN_STYLE = Automatic;
				CURRENT_PROJECT_VERSION = 1;
				DEVELOPMENT_TEAM = 8V7BB2CZZ7;
				GENERATE_INFOPLIST_FILE = YES;
				MARKETING_VERSION = 1.0;
				PRODUCT_BUNDLE_IDENTIFIER = cuBoulder.testUIKitUITests;
				PRODUCT_NAME = "$(TARGET_NAME)";
				SWIFT_EMIT_LOC_STRINGS = NO;
				SWIFT_VERSION = 5.0;
				TARGETED_DEVICE_FAMILY = "1,2";
				TEST_TARGET_NAME = testUIKit;
			};
			name = Release;
		};
/* End XCBuildConfiguration section */

/* Begin XCConfigurationList section */
		A26B6EC02939CEA3006ADC28 /* Build configuration list for PBXProject "testUIKit" */ = {
			isa = XCConfigurationList;
			buildConfigurations = (
				A26B6EED2939CEA5006ADC28 /* Debug */,
				A26B6EEE2939CEA5006ADC28 /* Release */,
			);
			defaultConfigurationIsVisible = 0;
			defaultConfigurationName = Release;
		};
		A26B6EEF2939CEA5006ADC28 /* Build configuration list for PBXNativeTarget "testUIKit" */ = {
			isa = XCConfigurationList;
			buildConfigurations = (
				A26B6EF02939CEA5006ADC28 /* Debug */,
				A26B6EF12939CEA5006ADC28 /* Release */,
			);
			defaultConfigurationIsVisible = 0;
			defaultConfigurationName = Release;
		};
		A26B6EF22939CEA5006ADC28 /* Build configuration list for PBXNativeTarget "testUIKitTests" */ = {
			isa = XCConfigurationList;
			buildConfigurations = (
				A26B6EF32939CEA5006ADC28 /* Debug */,
				A26B6EF42939CEA5006ADC28 /* Release */,
			);
			defaultConfigurationIsVisible = 0;
			defaultConfigurationName = Release;
		};
		A26B6EF52939CEA5006ADC28 /* Build configuration list for PBXNativeTarget "testUIKitUITests" */ = {
			isa = XCConfigurationList;
			buildConfigurations = (
				A26B6EF62939CEA5006ADC28 /* Debug */,
				A26B6EF72939CEA5006ADC28 /* Release */,
			);
			defaultConfigurationIsVisible = 0;
			defaultConfigurationName = Release;
		};
/* End XCConfigurationList section */
	};
	rootObject = A26B6EBD2939CEA3006ADC28 /* Project object */;
}
